
Microsoft Visual Studio Solution File, Format Version 12.00
# Visual Studio 15
VisualStudioVersion = 15.0.27428.2043
MinimumVisualStudioVersion = 10.0.40219.1
Project("{FAE04EC0-301F-11D3-BF4B-00C04F79EFBC}") = "CS_HW7_Roster", "CS_HW7_Roster\CS_HW7_Roster.csproj", "{9028EF2D-0CEB-4277-A311-488AF7452DB5}"
EndProject
Global
	GlobalSection(SolutionConfigurationPlatforms) = preSolution
		Debug|Any CPU = Debug|Any CPU
		Release|Any CPU = Release|Any CPU
	EndGlobalSection
	GlobalSection(ProjectConfigurationPlatforms) = postSolution
		{9028EF2D-0CEB-4277-A311-488AF7452DB5}.Debug|Any CPU.ActiveCfg = Debug|Any CPU
		{9028EF2D-0CEB-4277-A311-488AF7452DB5}.Debug|Any CPU.Build.0 = Debug|Any CPU
		{9028EF2D-0CEB-4277-A311-488AF7452DB5}.Release|Any CPU.ActiveCfg = Release|Any CPU
		{9028EF2D-0CEB-4277-A311-488AF7452DB5}.Release|Any CPU.Build.0 = Release|Any CPU
	EndGlobalSection
	GlobalSection(SolutionProperties) = preSolution
		HideSolutionNode = FALSE
	EndGlobalSection
	GlobalSection(ExtensibilityGlobals) = postSolution
		SolutionGuid = {3FA591A2-FEF1-4A8A-AACE-D4FDB4615CE9}
	EndGlobalSection
EndGlobal
